
Microsoft Visual Studio Solution File, Format Version 12.00
# Visual Studio Version 16
VisualStudioVersion = 16.0.36227.6
MinimumVisualStudioVersion = 10.0.40219.1
Project("{FAE04EC0-301F-11D3-BF4B-00C04F79EFBC}") = "ProyectoIntegrador", "ProyectoIntegrador\ProyectoIntegrador.csproj", "{082E3EBA-318F-46E3-8575-E5E236175681}"
EndProject
Global
	GlobalSection(SolutionConfigurationPlatforms) = preSolution
		Debug|Any CPU = Debug|Any CPU
		Release|Any CPU = Release|Any CPU
	EndGlobalSection
	GlobalSection(ProjectConfigurationPlatforms) = postSolution
		{082E3EBA-318F-46E3-8575-E5E236175681}.Debug|Any CPU.ActiveCfg = Debug|Any CPU
		{082E3EBA-318F-46E3-8575-E5E236175681}.Debug|Any CPU.Build.0 = Debug|Any CPU
		{082E3EBA-318F-46E3-8575-E5E236175681}.Release|Any CPU.ActiveCfg = Release|Any CPU
		{082E3EBA-318F-46E3-8575-E5E236175681}.Release|Any CPU.Build.0 = Release|Any CPU
	EndGlobalSection
	GlobalSection(SolutionProperties) = preSolution
		HideSolutionNode = FALSE
	EndGlobalSection
	GlobalSection(ExtensibilityGlobals) = postSolution
		SolutionGuid = {8E4CADC3-DEDD-4F25-8C4C-D7282B8423B4}
	EndGlobalSection
EndGlobal
