
Microsoft Visual Studio Solution File, Format Version 12.00
# Visual Studio Version 16
VisualStudioVersion = 16.0.36227.6
MinimumVisualStudioVersion = 10.0.40219.1
Project("{FAE04EC0-301F-11D3-BF4B-00C04F79EFBC}") = "DBPractica", "DBPractica\DBPractica.csproj", "{87FA9FEB-76CC-4286-8E91-F32000A65AB3}"
EndProject
Global
	GlobalSection(SolutionConfigurationPlatforms) = preSolution
		Debug|Any CPU = Debug|Any CPU
		Release|Any CPU = Release|Any CPU
	EndGlobalSection
	GlobalSection(ProjectConfigurationPlatforms) = postSolution
		{87FA9FEB-76CC-4286-8E91-F32000A65AB3}.Debug|Any CPU.ActiveCfg = Debug|Any CPU
		{87FA9FEB-76CC-4286-8E91-F32000A65AB3}.Debug|Any CPU.Build.0 = Debug|Any CPU
		{87FA9FEB-76CC-4286-8E91-F32000A65AB3}.Release|Any CPU.ActiveCfg = Release|Any CPU
		{87FA9FEB-76CC-4286-8E91-F32000A65AB3}.Release|Any CPU.Build.0 = Release|Any CPU
	EndGlobalSection
	GlobalSection(SolutionProperties) = preSolution
		HideSolutionNode = FALSE
	EndGlobalSection
	GlobalSection(ExtensibilityGlobals) = postSolution
		SolutionGuid = {A64734CC-30A4-4402-867F-084530A6F847}
	EndGlobalSection
EndGlobal
